{
  "name": "new-folder",
  "version": "1.0.0",
  "lockfileVersion": 1,
  "requires": true,
  "dependencies": {
    "@glidejs/glide": {
      "version": "3.6.2",
      "resolved": "https://registry.npmjs.org/@glidejs/glide/-/glide-3.6.2.tgz",
      "integrity": "sha512-oXw7In0IZV69PC0PChQakY+yh+UnqIb5+zfVuEIzub6Kkfl1foo7TAhr2PZXPzihOG9YS57t8wvdzBFEZ0aPVA=="
    }
  }
}
